<?xml version="1.0" encoding="utf-8"?>
<Project ToolsVersion="4.0" xmlns="http://schemas.microsoft.com/developer/msbuild/2003">
  <ItemGroup>
    <ClInclude Include="communication.h" />
    <ClInclude Include="math.h" />
    <ClInclude Include="directx9\d3dx9.h">
      <Filter>directx9</Filter>
    </ClInclude>
    <ClInclude Include="directx9\d3dx9anim.h">
      <Filter>directx9</Filter>
    </ClInclude>
    <ClInclude Include="directx9\d3dx9core.h">
      <Filter>directx9</Filter>
    </ClInclude>
    <ClInclude Include="directx9\d3dx9effect.h">
      <Filter>directx9</Filter>
    </ClInclude>
    <ClInclude Include="directx9\d3dx9math.h">
      <Filter>directx9</Filter>
    </ClInclude>
    <ClInclude Include="directx9\d3dx9mesh.h">
      <Filter>directx9</Filter>
    </ClInclude>
    <ClInclude Include="directx9\d3dx9shader.h">
      <Filter>directx9</Filter>
    </ClInclude>
    <ClInclude Include="directx9\d3dx9shape.h">
      <Filter>directx9</Filter>
    </ClInclude>
    <ClInclude Include="directx9\d3dx9tex.h">
      <Filter>directx9</Filter>
    </ClInclude>
    <ClInclude Include="directx9\d3dx9xof.h">
      <Filter>directx9</Filter>
    </ClInclude>
    <ClInclude Include="Imgui\imconfig.h">
      <Filter>Imgui</Filter>
    </ClInclude>
    <ClInclude Include="Imgui\imgui.h">
      <Filter>Imgui</Filter>
    </ClInclude>
    <ClInclude Include="Imgui\imgui_impl_dx9.h">
      <Filter>Imgui</Filter>
    </ClInclude>
    <ClInclude Include="Imgui\imgui_impl_win32.h">
      <Filter>Imgui</Filter>
    </ClInclude>
    <ClInclude Include="Imgui\imgui_internal.h">
      <Filter>Imgui</Filter>
    </ClInclude>
    <ClInclude Include="Imgui\imstb_rectpack.h">
      <Filter>Imgui</Filter>
    </ClInclude>
    <ClInclude Include="Imgui\imstb_textedit.h">
      <Filter>Imgui</Filter>
    </ClInclude>
    <ClInclude Include="Imgui\imstb_truetype.h">
      <Filter>Imgui</Filter>
    </ClInclude>
    <ClInclude Include="windowoverlay.h" />
    <ClInclude Include="lazyimp.h" />
    <ClInclude Include="espdef.h" />
  </ItemGroup>
  <ItemGroup>
    <ClCompile Include="main.cpp" />
    <ClCompile Include="Imgui\imgui.cpp">
      <Filter>Imgui</Filter>
    </ClCompile>
    <ClCompile Include="Imgui\imgui_demo.cpp">
      <Filter>Imgui</Filter>
    </ClCompile>
    <ClCompile Include="Imgui\imgui_draw.cpp">
      <Filter>Imgui</Filter>
    </ClCompile>
    <ClCompile Include="Imgui\imgui_impl_dx9.cpp">
      <Filter>Imgui</Filter>
    </ClCompile>
    <ClCompile Include="Imgui\imgui_impl_win32.cpp">
      <Filter>Imgui</Filter>
    </ClCompile>
    <ClCompile Include="Imgui\imgui_tables.cpp">
      <Filter>Imgui</Filter>
    </ClCompile>
    <ClCompile Include="Imgui\imgui_widgets.cpp">
      <Filter>Imgui</Filter>
    </ClCompile>
  </ItemGroup>
  <ItemGroup>
    <Filter Include="directx9">
      <UniqueIdentifier>{03bceba1-ba17-48ef-ac34-1a1cb2f59793}</UniqueIdentifier>
    </Filter>
    <Filter Include="Imgui">
      <UniqueIdentifier>{a0754f8a-dfc2-4b7a-83d8-fac24eabe2db}</UniqueIdentifier>
    </Filter>
  </ItemGroup>
  <ItemGroup>
    <Library Include="directx9\d3dx9.lib">
      <Filter>directx9</Filter>
    </Library>
  </ItemGroup>
  <ItemGroup>
    <None Include="directx9\d3dx9math.inl">
      <Filter>directx9</Filter>
    </None>
  </ItemGroup>
</Project>